{
  "requires": true,
  "lockfileVersion": 1,
  "dependencies": {
    "traditional-or-simplified": {
      "version": "1.0.3",
      "resolved": "https://registry.npmjs.org/traditional-or-simplified/-/traditional-or-simplified-1.0.3.tgz",
      "integrity": "sha1-9AH2oO0lkuBoa24PWEsKwhorSB4="
    }
  }
}
